{
  "lockfileVersion": 1,
  "configVersion": 1,
  "workspaces": {
    "": {
      "name": "massive-design",
    },
    "apps/storybook": {
      "name": "@massive/storybook",
      "version": "0.0.0",
      "dependencies": {
        "@massive/ui": "*",
      },
    },
    "packages/tokens": {
      "name": "@massive/tokens",
      "version": "0.0.0",
      "dependencies": {
        "apca-w3": "^0.1.9",
        "culori": "^4.0.1",
      },
    },
    "packages/ui": {
      "name": "@massive/ui",
      "version": "0.0.0",
      "dependencies": {
        "@massive/tokens": "*",
      },
    },
  },
  "packages": {
    "@massive/storybook": ["@massive/storybook@workspace:apps/storybook"],

    "@massive/tokens": ["@massive/tokens@workspace:packages/tokens"],

    "@massive/ui": ["@massive/ui@workspace:packages/ui"],

    "apca-w3": ["apca-w3@0.1.9", "", { "dependencies": { "colorparsley": "^0.1.8" } }, "sha512-Zrf6AeBeQjNe/fxK7U1jCo5zfdjDl6T4/kdw5Xlky3G7u+EJTZkyItjMYQGtwf9pkftsINxcYyOpuLkzKf1ITQ=="],

    "colorparsley": ["colorparsley@0.1.8", "", {}, "sha512-rObESTTTE6G5qO5WFwFxWPggpw4KfpxnLC6Ssl8bITBnNVRhDsyCeTRAUxWQNVTx2pRknKlO2nddYTxjkdNFaw=="],

    "culori": ["culori@4.0.2", "", {}, "sha512-1+BhOB8ahCn4O0cep0Sh2l9KCOfOdY+BXJnKMHFFzDEouSr/el18QwXEMRlOj9UY5nCeA8UN3a/82rUWRBeyBw=="],
  }
}
