{
  "lockfileVersion": 1,
  "configVersion": 1,
  "workspaces": {
    "": {
      "name": "massive-design",
    },
    "apps/storybook": {
      "name": "@massive/storybook",
      "version": "0.0.0",
      "dependencies": {
        "@massive/ui": "*",
      },
    },
    "packages/tokens": {
      "name": "@massive/tokens",
      "version": "0.0.0",
    },
    "packages/ui": {
      "name": "@massive/ui",
      "version": "0.0.0",
      "dependencies": {
        "@massive/tokens": "*",
      },
    },
  },
  "packages": {
    "@massive/storybook": ["@massive/storybook@workspace:apps/storybook"],

    "@massive/tokens": ["@massive/tokens@workspace:packages/tokens"],

    "@massive/ui": ["@massive/ui@workspace:packages/ui"],
  }
}
